
Microsoft Visual Studio Solution File, Format Version 12.00
# Visual Studio Version 17
VisualStudioVersion = 17.6.33723.286
MinimumVisualStudioVersion = 10.0.40219.1
Project("{9A19103F-16F7-4668-BE54-9A1E7A4F7556}") = "1-Boxing-Unboxing", "1-Boxing-Unboxing\1-Boxing-Unboxing.csproj", "{8638BE04-1C99-4C75-9AFA-AB7C8ECE4406}"
EndProject
Project("{9A19103F-16F7-4668-BE54-9A1E7A4F7556}") = "2-Sabitler", "2-Sabitler\2-Sabitler.csproj", "{E871A34C-36C3-4DE3-B170-101F437BC44E}"
EndProject
Project("{9A19103F-16F7-4668-BE54-9A1E7A4F7556}") = "3-VarUygulamasi", "3-VarUygulamasi\3-VarUygulamasi.csproj", "{392BAF37-3B5C-444F-9C0C-37DECE76F2AD}"
EndProject
Project("{9A19103F-16F7-4668-BE54-9A1E7A4F7556}") = "4-Kontrol-Ifadeleri-If-else", "4-Kontrol-Ifadeleri-If-else\4-Kontrol-Ifadeleri-If-else.csproj", "{F7A55A00-EA75-482D-B8F5-F79CCB375C24}"
EndProject
Project("{9A19103F-16F7-4668-BE54-9A1E7A4F7556}") = "5-Switch-Case", "5-Switch-Case\5-Switch-Case.csproj", "{F150E78B-F208-4356-95E5-A83FD9691A39}"
EndProject
Project("{9A19103F-16F7-4668-BE54-9A1E7A4F7556}") = "6-TekCift-Uygulamasi", "6-TekCift-Uygulamasi\6-TekCift-Uygulamasi.csproj", "{F5172B4A-A865-4886-99B6-30BEC7444F83}"
EndProject
Project("{9A19103F-16F7-4668-BE54-9A1E7A4F7556}") = "7-MutlakDeger", "7-MutlakDeger\7-MutlakDeger.csproj", "{34E9E372-69C5-4C85-A0D8-C73DE94A0437}"
EndProject
Project("{9A19103F-16F7-4668-BE54-9A1E7A4F7556}") = "8-AsalSayi", "8-AsalSayi\8-AsalSayi.csproj", "{E62FC3E5-4998-40ED-99B8-7AC48F4F0349}"
EndProject
Project("{9A19103F-16F7-4668-BE54-9A1E7A4F7556}") = "9-RakamlarınToplami", "9-RakamlarınToplami\9-RakamlarınToplami.csproj", "{38BB4416-A033-4A7A-B0C9-860DE2558AE4}"
EndProject
Project("{9A19103F-16F7-4668-BE54-9A1E7A4F7556}") = "10-SayilarToplami", "10-SayilarToplami\10-SayilarToplami.csproj", "{C6801AAC-40D6-4AD8-B515-A1532F83F1DE}"
EndProject
Project("{9A19103F-16F7-4668-BE54-9A1E7A4F7556}") = "11-Birden-n-ye-KadarOlanSayilarinToplami", "11-Birden-n-ye-KadarOlanSayilarinToplami\11-Birden-n-ye-KadarOlanSayilarinToplami.csproj", "{4184074F-5011-4D13-B7F5-7093ACCFB8A0}"
EndProject
Project("{9A19103F-16F7-4668-BE54-9A1E7A4F7556}") = "12-Cember", "12-Cember\12-Cember.csproj", "{508579D1-3EDA-418E-8ED5-51BBAA5C39D5}"
EndProject
Project("{9A19103F-16F7-4668-BE54-9A1E7A4F7556}") = "13-ForDongusu", "13-ForDongusu\13-ForDongusu.csproj", "{4A664D20-C5A7-41AC-B852-80D932663C48}"
EndProject
Project("{9A19103F-16F7-4668-BE54-9A1E7A4F7556}") = "14-Diziler", "14-Diziler\14-Diziler.csproj", "{E6ADA272-E58D-4608-A3EE-D6F326BBA8F3}"
EndProject
Project("{9A19103F-16F7-4668-BE54-9A1E7A4F7556}") = "15-CharRakamKarsiliklari", "15-CharRakamKarsiliklari\15-CharRakamKarsiliklari.csproj", "{A3975B11-FE83-4F67-86FA-FE22F51F9857}"
EndProject
Project("{9A19103F-16F7-4668-BE54-9A1E7A4F7556}") = "16-Stringler", "16-Stringler\16-Stringler.csproj", "{FDE51B4E-3C08-46FB-91F3-474240FBFDBD}"
EndProject
Project("{FAE04EC0-301F-11D3-BF4B-00C04F79EFBC}") = "17-AsalCarpanlar", "17-AsalCarpanlar\17-AsalCarpanlar.csproj", "{BF6E3355-E48E-449A-9F75-CDD0B0225826}"
EndProject
Project("{FAE04EC0-301F-11D3-BF4B-00C04F79EFBC}") = "18-OkekMetoduTasarimi", "18-OkekMetoduTasarimi\18-OkekMetoduTasarimi.csproj", "{B384DD8D-9B72-4E87-94EB-FFCEF39AADF3}"
EndProject
Project("{FAE04EC0-301F-11D3-BF4B-00C04F79EFBC}") = "19-ObebMetoduTasarimi", "19-ObebMetoduTasarimi\19-ObebMetoduTasarimi.csproj", "{554A6A09-0C03-47B3-9DE4-BD18F6C37B54}"
EndProject
Global
	GlobalSection(SolutionConfigurationPlatforms) = preSolution
		Debug|Any CPU = Debug|Any CPU
		Release|Any CPU = Release|Any CPU
	EndGlobalSection
	GlobalSection(ProjectConfigurationPlatforms) = postSolution
		{8638BE04-1C99-4C75-9AFA-AB7C8ECE4406}.Debug|Any CPU.ActiveCfg = Debug|Any CPU
		{8638BE04-1C99-4C75-9AFA-AB7C8ECE4406}.Debug|Any CPU.Build.0 = Debug|Any CPU
		{8638BE04-1C99-4C75-9AFA-AB7C8ECE4406}.Release|Any CPU.ActiveCfg = Release|Any CPU
		{8638BE04-1C99-4C75-9AFA-AB7C8ECE4406}.Release|Any CPU.Build.0 = Release|Any CPU
		{E871A34C-36C3-4DE3-B170-101F437BC44E}.Debug|Any CPU.ActiveCfg = Debug|Any CPU
		{E871A34C-36C3-4DE3-B170-101F437BC44E}.Debug|Any CPU.Build.0 = Debug|Any CPU
		{E871A34C-36C3-4DE3-B170-101F437BC44E}.Release|Any CPU.ActiveCfg = Release|Any CPU
		{E871A34C-36C3-4DE3-B170-101F437BC44E}.Release|Any CPU.Build.0 = Release|Any CPU
		{392BAF37-3B5C-444F-9C0C-37DECE76F2AD}.Debug|Any CPU.ActiveCfg = Debug|Any CPU
		{392BAF37-3B5C-444F-9C0C-37DECE76F2AD}.Debug|Any CPU.Build.0 = Debug|Any CPU
		{392BAF37-3B5C-444F-9C0C-37DECE76F2AD}.Release|Any CPU.ActiveCfg = Release|Any CPU
		{392BAF37-3B5C-444F-9C0C-37DECE76F2AD}.Release|Any CPU.Build.0 = Release|Any CPU
		{F7A55A00-EA75-482D-B8F5-F79CCB375C24}.Debug|Any CPU.ActiveCfg = Debug|Any CPU
		{F7A55A00-EA75-482D-B8F5-F79CCB375C24}.Debug|Any CPU.Build.0 = Debug|Any CPU
		{F7A55A00-EA75-482D-B8F5-F79CCB375C24}.Release|Any CPU.ActiveCfg = Release|Any CPU
		{F7A55A00-EA75-482D-B8F5-F79CCB375C24}.Release|Any CPU.Build.0 = Release|Any CPU
		{F150E78B-F208-4356-95E5-A83FD9691A39}.Debug|Any CPU.ActiveCfg = Debug|Any CPU
		{F150E78B-F208-4356-95E5-A83FD9691A39}.Debug|Any CPU.Build.0 = Debug|Any CPU
		{F150E78B-F208-4356-95E5-A83FD9691A39}.Release|Any CPU.ActiveCfg = Release|Any CPU
		{F150E78B-F208-4356-95E5-A83FD9691A39}.Release|Any CPU.Build.0 = Release|Any CPU
		{F5172B4A-A865-4886-99B6-30BEC7444F83}.Debug|Any CPU.ActiveCfg = Debug|Any CPU
		{F5172B4A-A865-4886-99B6-30BEC7444F83}.Debug|Any CPU.Build.0 = Debug|Any CPU
		{F5172B4A-A865-4886-99B6-30BEC7444F83}.Release|Any CPU.ActiveCfg = Release|Any CPU
		{F5172B4A-A865-4886-99B6-30BEC7444F83}.Release|Any CPU.Build.0 = Release|Any CPU
		{34E9E372-69C5-4C85-A0D8-C73DE94A0437}.Debug|Any CPU.ActiveCfg = Debug|Any CPU
		{34E9E372-69C5-4C85-A0D8-C73DE94A0437}.Debug|Any CPU.Build.0 = Debug|Any CPU
		{34E9E372-69C5-4C85-A0D8-C73DE94A0437}.Release|Any CPU.ActiveCfg = Release|Any CPU
		{34E9E372-69C5-4C85-A0D8-C73DE94A0437}.Release|Any CPU.Build.0 = Release|Any CPU
		{E62FC3E5-4998-40ED-99B8-7AC48F4F0349}.Debug|Any CPU.ActiveCfg = Debug|Any CPU
		{E62FC3E5-4998-40ED-99B8-7AC48F4F0349}.Debug|Any CPU.Build.0 = Debug|Any CPU
		{E62FC3E5-4998-40ED-99B8-7AC48F4F0349}.Release|Any CPU.ActiveCfg = Release|Any CPU
		{E62FC3E5-4998-40ED-99B8-7AC48F4F0349}.Release|Any CPU.Build.0 = Release|Any CPU
		{38BB4416-A033-4A7A-B0C9-860DE2558AE4}.Debug|Any CPU.ActiveCfg = Debug|Any CPU
		{38BB4416-A033-4A7A-B0C9-860DE2558AE4}.Debug|Any CPU.Build.0 = Debug|Any CPU
		{38BB4416-A033-4A7A-B0C9-860DE2558AE4}.Release|Any CPU.ActiveCfg = Release|Any CPU
		{38BB4416-A033-4A7A-B0C9-860DE2558AE4}.Release|Any CPU.Build.0 = Release|Any CPU
		{C6801AAC-40D6-4AD8-B515-A1532F83F1DE}.Debug|Any CPU.ActiveCfg = Debug|Any CPU
		{C6801AAC-40D6-4AD8-B515-A1532F83F1DE}.Debug|Any CPU.Build.0 = Debug|Any CPU
		{C6801AAC-40D6-4AD8-B515-A1532F83F1DE}.Release|Any CPU.ActiveCfg = Release|Any CPU
		{C6801AAC-40D6-4AD8-B515-A1532F83F1DE}.Release|Any CPU.Build.0 = Release|Any CPU
		{4184074F-5011-4D13-B7F5-7093ACCFB8A0}.Debug|Any CPU.ActiveCfg = Debug|Any CPU
		{4184074F-5011-4D13-B7F5-7093ACCFB8A0}.Debug|Any CPU.Build.0 = Debug|Any CPU
		{4184074F-5011-4D13-B7F5-7093ACCFB8A0}.Release|Any CPU.ActiveCfg = Release|Any CPU
		{4184074F-5011-4D13-B7F5-7093ACCFB8A0}.Release|Any CPU.Build.0 = Release|Any CPU
		{508579D1-3EDA-418E-8ED5-51BBAA5C39D5}.Debug|Any CPU.ActiveCfg = Debug|Any CPU
		{508579D1-3EDA-418E-8ED5-51BBAA5C39D5}.Debug|Any CPU.Build.0 = Debug|Any CPU
		{508579D1-3EDA-418E-8ED5-51BBAA5C39D5}.Release|Any CPU.ActiveCfg = Release|Any CPU
		{508579D1-3EDA-418E-8ED5-51BBAA5C39D5}.Release|Any CPU.Build.0 = Release|Any CPU
		{4A664D20-C5A7-41AC-B852-80D932663C48}.Debug|Any CPU.ActiveCfg = Debug|Any CPU
		{4A664D20-C5A7-41AC-B852-80D932663C48}.Debug|Any CPU.Build.0 = Debug|Any CPU
		{4A664D20-C5A7-41AC-B852-80D932663C48}.Release|Any CPU.ActiveCfg = Release|Any CPU
		{4A664D20-C5A7-41AC-B852-80D932663C48}.Release|Any CPU.Build.0 = Release|Any CPU
		{E6ADA272-E58D-4608-A3EE-D6F326BBA8F3}.Debug|Any CPU.ActiveCfg = Debug|Any CPU
		{E6ADA272-E58D-4608-A3EE-D6F326BBA8F3}.Debug|Any CPU.Build.0 = Debug|Any CPU
		{E6ADA272-E58D-4608-A3EE-D6F326BBA8F3}.Release|Any CPU.ActiveCfg = Release|Any CPU
		{E6ADA272-E58D-4608-A3EE-D6F326BBA8F3}.Release|Any CPU.Build.0 = Release|Any CPU
		{A3975B11-FE83-4F67-86FA-FE22F51F9857}.Debug|Any CPU.ActiveCfg = Debug|Any CPU
		{A3975B11-FE83-4F67-86FA-FE22F51F9857}.Debug|Any CPU.Build.0 = Debug|Any CPU
		{A3975B11-FE83-4F67-86FA-FE22F51F9857}.Release|Any CPU.ActiveCfg = Release|Any CPU
		{A3975B11-FE83-4F67-86FA-FE22F51F9857}.Release|Any CPU.Build.0 = Release|Any CPU
		{FDE51B4E-3C08-46FB-91F3-474240FBFDBD}.Debug|Any CPU.ActiveCfg = Debug|Any CPU
		{FDE51B4E-3C08-46FB-91F3-474240FBFDBD}.Debug|Any CPU.Build.0 = Debug|Any CPU
		{FDE51B4E-3C08-46FB-91F3-474240FBFDBD}.Release|Any CPU.ActiveCfg = Release|Any CPU
		{FDE51B4E-3C08-46FB-91F3-474240FBFDBD}.Release|Any CPU.Build.0 = Release|Any CPU
		{BF6E3355-E48E-449A-9F75-CDD0B0225826}.Debug|Any CPU.ActiveCfg = Debug|Any CPU
		{BF6E3355-E48E-449A-9F75-CDD0B0225826}.Debug|Any CPU.Build.0 = Debug|Any CPU
		{BF6E3355-E48E-449A-9F75-CDD0B0225826}.Release|Any CPU.ActiveCfg = Release|Any CPU
		{BF6E3355-E48E-449A-9F75-CDD0B0225826}.Release|Any CPU.Build.0 = Release|Any CPU
		{B384DD8D-9B72-4E87-94EB-FFCEF39AADF3}.Debug|Any CPU.ActiveCfg = Debug|Any CPU
		{B384DD8D-9B72-4E87-94EB-FFCEF39AADF3}.Debug|Any CPU.Build.0 = Debug|Any CPU
		{B384DD8D-9B72-4E87-94EB-FFCEF39AADF3}.Release|Any CPU.ActiveCfg = Release|Any CPU
		{B384DD8D-9B72-4E87-94EB-FFCEF39AADF3}.Release|Any CPU.Build.0 = Release|Any CPU
		{554A6A09-0C03-47B3-9DE4-BD18F6C37B54}.Debug|Any CPU.ActiveCfg = Debug|Any CPU
		{554A6A09-0C03-47B3-9DE4-BD18F6C37B54}.Debug|Any CPU.Build.0 = Debug|Any CPU
		{554A6A09-0C03-47B3-9DE4-BD18F6C37B54}.Release|Any CPU.ActiveCfg = Release|Any CPU
		{554A6A09-0C03-47B3-9DE4-BD18F6C37B54}.Release|Any CPU.Build.0 = Release|Any CPU
	EndGlobalSection
	GlobalSection(SolutionProperties) = preSolution
		HideSolutionNode = FALSE
	EndGlobalSection
	GlobalSection(ExtensibilityGlobals) = postSolution
		SolutionGuid = {CE9F4BC1-E773-40F2-ACB1-6D282339D11E}
	EndGlobalSection
EndGlobal
